# THIS IS AN AUTOGENERATED FILE. DO NOT EDIT THIS FILE DIRECTLY.
# yarn lockfile v1


chalk@^5.0.0:
  version "5.0.0"
  resolved "https://registry.npmmirror.com/chalk/-/chalk-5.0.0.tgz#bd96c6bb8e02b96e08c0c3ee2a9d90e050c7b832"
  integrity sha512-/duVOqst+luxCQRKEo4bNxinsOQtMP80ZYm7mMqzuh5PociNL0PvmHFvREJ9ueYL2TxlHjBcmLCdmocx9Vg+IQ==

co-prompt@^1.0.0:
  version "1.0.0"
  resolved "https://registry.npmmirror.com/co-prompt/-/co-prompt-1.0.0.tgz#fb370e9edac48576b27a732fe5d7f21d9fc6e6f6"
  integrity sha512-uKmEbjDnL9SJTb+TNfIFsATe1F3IsNsR7KDGUG1hq7ColkMV0MSn7dg3eKVS+3wwtyvVqrgfIwi39NOJiknO7Q==
  dependencies:
    keypress "~0.2.1"

co@^4.6.0:
  version "4.6.0"
  resolved "https://registry.npmmirror.com/co/-/co-4.6.0.tgz#6ea6bdf3d853ae54ccb8e47bfa0bf3f9031fb184"
  integrity sha512-QVb0dM5HvG+uaxitm8wONl7jltx8dqhfU33DcqtOZcLSVIKSDDLDi7+0LbAKiyI8hD9u42m2YxXSkMGWThaecQ==

commander@^9.0.0:
  version "9.0.0"
  resolved "https://registry.npmmirror.com/commander/-/commander-9.0.0.tgz#86d58f24ee98126568936bd1d3574e0308a99a40"
  integrity sha512-JJfP2saEKbQqvW+FI93OYUB4ByV5cizMpFMiiJI8xDbBvQvSkIk0VvQdn1CZ8mqAO8Loq2h0gYTYtDFUZUeERw==

keypress@~0.2.1:
  version "0.2.1"
  resolved "https://registry.npmmirror.com/keypress/-/keypress-0.2.1.tgz#1e80454250018dbad4c3fe94497d6e67b6269c77"
  integrity sha512-HjorDJFNhnM4SicvaUXac0X77NiskggxJdesG72+O5zBKpSqKFCrqmndKVqpu3pFqkla0St6uGk8Ju0sCurrmg==
